
Microsoft Visual Studio Solution File, Format Version 12.00
# Visual Studio 15
VisualStudioVersion = 15.0.28307.329
MinimumVisualStudioVersion = 10.0.40219.1
Project("{FAE04EC0-301F-11D3-BF4B-00C04F79EFBC}") = "task3", "task3\task3.csproj", "{68D5C19C-F342-4F58-BB8D-DFC3C2327BEF}"
EndProject
Global
	GlobalSection(SolutionConfigurationPlatforms) = preSolution
		Debug|Any CPU = Debug|Any CPU
		Release|Any CPU = Release|Any CPU
	EndGlobalSection
	GlobalSection(ProjectConfigurationPlatforms) = postSolution
		{68D5C19C-F342-4F58-BB8D-DFC3C2327BEF}.Debug|Any CPU.ActiveCfg = Debug|Any CPU
		{68D5C19C-F342-4F58-BB8D-DFC3C2327BEF}.Debug|Any CPU.Build.0 = Debug|Any CPU
		{68D5C19C-F342-4F58-BB8D-DFC3C2327BEF}.Release|Any CPU.ActiveCfg = Release|Any CPU
		{68D5C19C-F342-4F58-BB8D-DFC3C2327BEF}.Release|Any CPU.Build.0 = Release|Any CPU
	EndGlobalSection
	GlobalSection(SolutionProperties) = preSolution
		HideSolutionNode = FALSE
	EndGlobalSection
	GlobalSection(ExtensibilityGlobals) = postSolution
		SolutionGuid = {C17BC798-441A-4AD7-8428-24F1FE68E942}
	EndGlobalSection
EndGlobal
