
Microsoft Visual Studio Solution File, Format Version 12.00
# Visual Studio 15
VisualStudioVersion = 15.0.28307.329
MinimumVisualStudioVersion = 10.0.40219.1
Project("{FAE04EC0-301F-11D3-BF4B-00C04F79EFBC}") = "task2", "task2\task2.csproj", "{476F5640-2C2C-40B3-9BF1-37AFB9B1202A}"
EndProject
Global
	GlobalSection(SolutionConfigurationPlatforms) = preSolution
		Debug|Any CPU = Debug|Any CPU
		Release|Any CPU = Release|Any CPU
	EndGlobalSection
	GlobalSection(ProjectConfigurationPlatforms) = postSolution
		{476F5640-2C2C-40B3-9BF1-37AFB9B1202A}.Debug|Any CPU.ActiveCfg = Debug|Any CPU
		{476F5640-2C2C-40B3-9BF1-37AFB9B1202A}.Debug|Any CPU.Build.0 = Debug|Any CPU
		{476F5640-2C2C-40B3-9BF1-37AFB9B1202A}.Release|Any CPU.ActiveCfg = Release|Any CPU
		{476F5640-2C2C-40B3-9BF1-37AFB9B1202A}.Release|Any CPU.Build.0 = Release|Any CPU
	EndGlobalSection
	GlobalSection(SolutionProperties) = preSolution
		HideSolutionNode = FALSE
	EndGlobalSection
	GlobalSection(ExtensibilityGlobals) = postSolution
		SolutionGuid = {C643FE1D-22F6-484D-8178-4369D93D97D5}
	EndGlobalSection
EndGlobal
